{
  "nodes": {
    "nixpkgs": {
      "locked": {
        "lastModified": 1675969010,
        "narHash": "sha256-GiQWuK6yb8e79gsG1fM6yTS0gduHe5GATaDUacV/XHM=",
        "owner": "NixOS",
        "repo": "nixpkgs",
        "rev": "c257eba8e2cd34d9213ffc6f3c6a81ea9c313a62",
        "type": "github"
      },
      "original": {
        "owner": "NixOS",
        "repo": "nixpkgs",
        "type": "github"
      }
    },
    "root": {
      "inputs": {
        "nixpkgs": "nixpkgs"
      }
    }
  },
  "root": "root",
  "version": 7
}
