{
  "nodes": {
    "flake-utils": {
      "locked": {
        "lastModified": 1652372896,
        "narHash": "sha256-lURGussfF3mGrFPQT3zgW7+RC0pBhbHzco0C7I+ilow=",
        "owner": "numtide",
        "repo": "flake-utils",
        "rev": "0d347c56f6f41de822a4f4c7ff5072f3382db121",
        "type": "github"
      },
      "original": {
        "owner": "numtide",
        "repo": "flake-utils",
        "type": "github"
      }
    },
    "nixpkgs": {
      "locked": {
        "lastModified": 1675273418,
        "narHash": "sha256-tpYc4TEGvDzh9uRf44QemyQ4TpVuUbxb07b2P99XDbM=",
        "owner": "NixOS",
        "repo": "nixpkgs",
        "rev": "4d7c2644dbac9cf8282c0afe68fca8f0f3e7b2db",
        "type": "github"
      },
      "original": {
        "owner": "NixOS",
        "ref": "nixos-unstable",
        "repo": "nixpkgs",
        "type": "github"
      }
    },
    "root": {
      "inputs": {
        "flake-utils": "flake-utils",
        "nixpkgs": "nixpkgs"
      }
    }
  },
  "root": "root",
  "version": 7
}
