{
  "nodes": {
    "nixpkgs": {
      "locked": {
        "lastModified": 1675929559,
        "narHash": "sha256-rgGwrFid0VW9sk3I6dMT7Q4tkwM0Xfvnic8EOJkM40s=",
        "owner": "NixOS",
        "repo": "nixpkgs",
        "rev": "e3058e0e3ffea7982c4fcc9d168ed8ddf4a39581",
        "type": "github"
      },
      "original": {
        "owner": "NixOS",
        "repo": "nixpkgs",
        "type": "github"
      }
    },
    "root": {
      "inputs": {
        "nixpkgs": "nixpkgs"
      }
    }
  },
  "root": "root",
  "version": 7
}
